<?xml version="1.0" encoding="utf-8"?>
<Project ToolsVersion="4.0" xmlns="http://schemas.microsoft.com/developer/msbuild/2003">
  <ItemGroup>
    <Filter Include="Game">
      <UniqueIdentifier>{d094ef31-cffb-4b55-a79d-8a019502b505}</UniqueIdentifier>
    </Filter>
    <Filter Include="Protocol">
      <UniqueIdentifier>{d2fe4d99-9438-4b6a-bacb-2424b7a83c6b}</UniqueIdentifier>
    </Filter>
    <Filter Include="Protocol\Proto">
      <UniqueIdentifier>{009d4fa5-c857-4140-921c-bc38e379cb10}</UniqueIdentifier>
    </Filter>
    <Filter Include="Game\Room">
      <UniqueIdentifier>{a99beef5-249a-4809-89bc-98e609763182}</UniqueIdentifier>
    </Filter>
    <Filter Include="Game\GameObject">
      <UniqueIdentifier>{0a754bfe-6e68-42d4-9be2-f3ee2a205a86}</UniqueIdentifier>
    </Filter>
    <Filter Include="Game\Utils">
      <UniqueIdentifier>{a172398f-d168-4b4e-980c-e9579c74c540}</UniqueIdentifier>
    </Filter>
    <Filter Include="Game\Manager">
      <UniqueIdentifier>{e50a7340-f8a1-4e97-98a9-4255a2e253a5}</UniqueIdentifier>
    </Filter>
    <Filter Include="Game\Headers">
      <UniqueIdentifier>{bbfc691e-fcab-4bf1-8649-39c894c7d58e}</UniqueIdentifier>
    </Filter>
    <Filter Include="Game\GameObject\Monster">
      <UniqueIdentifier>{56205e8f-d191-447c-b090-ffb9e177ca95}</UniqueIdentifier>
    </Filter>
    <Filter Include="Game\GameObject\SkillActor">
      <UniqueIdentifier>{659a5410-d71d-44ff-94c3-e5902cd67c42}</UniqueIdentifier>
    </Filter>
    <Filter Include="Game\Component">
      <UniqueIdentifier>{1859e14d-d6a7-43a7-b7d1-bff0e8eb525b}</UniqueIdentifier>
    </Filter>
    <Filter Include="Game\Resources">
      <UniqueIdentifier>{9db88fef-034c-4c14-b896-9177835f946a}</UniqueIdentifier>
    </Filter>
    <Filter Include="Game\GameObject\Structure">
      <UniqueIdentifier>{93ef2adf-d8d4-4fff-b724-8738a50b510b}</UniqueIdentifier>
    </Filter>
  </ItemGroup>
  <ItemGroup>
    <None Include="..\Common\protoc-21.12-win64\bin\GenPackets.bat">
      <Filter>Protocol</Filter>
    </None>
    <None Include="..\Common\protoc-21.12-win64\bin\Enum.proto">
      <Filter>Protocol\Proto</Filter>
    </None>
    <None Include="..\Common\protoc-21.12-win64\bin\Protocol.proto">
      <Filter>Protocol\Proto</Filter>
    </None>
    <None Include="..\Common\protoc-21.12-win64\bin\Struct.proto">
      <Filter>Protocol\Proto</Filter>
    </None>
  </ItemGroup>
  <ItemGroup>
    <ClInclude Include="GameSession.h">
      <Filter>Game</Filter>
    </ClInclude>
    <ClInclude Include="ServerPacketHandler.h">
      <Filter>Game</Filter>
    </ClInclude>
    <ClInclude Include="Enum.pb.h">
      <Filter>Protocol</Filter>
    </ClInclude>
    <ClInclude Include="Protocol.pb.h">
      <Filter>Protocol</Filter>
    </ClInclude>
    <ClInclude Include="Struct.pb.h">
      <Filter>Protocol</Filter>
    </ClInclude>
    <ClInclude Include="Room.h">
      <Filter>Game\Room</Filter>
    </ClInclude>
    <ClInclude Include="GameObject.h">
      <Filter>Game\GameObject</Filter>
    </ClInclude>
    <ClInclude Include="Player.h">
      <Filter>Game\GameObject</Filter>
    </ClInclude>
    <ClInclude Include="Utils.h">
      <Filter>Game\Utils</Filter>
    </ClInclude>
    <ClInclude Include="ObjectUtils.h">
      <Filter>Game\Utils</Filter>
    </ClInclude>
    <ClInclude Include="GameSessionManager.h">
      <Filter>Game\Manager</Filter>
    </ClInclude>
    <ClInclude Include="GameRoomManager.h">
      <Filter>Game\Manager</Filter>
    </ClInclude>
    <ClInclude Include="pch.h">
      <Filter>Game\Headers</Filter>
    </ClInclude>
    <ClInclude Include="Types.h">
      <Filter>Game\Headers</Filter>
    </ClInclude>
    <ClInclude Include="GameTickManager.h">
      <Filter>Game\Manager</Filter>
    </ClInclude>
    <ClInclude Include="Enemy.h">
      <Filter>Game\GameObject\Monster</Filter>
    </ClInclude>
    <ClInclude Include="SkillActor.h">
      <Filter>Game\GameObject\SkillActor</Filter>
    </ClInclude>
    <ClInclude Include="ComponentBase.h">
      <Filter>Game\Component</Filter>
    </ClInclude>
    <ClInclude Include="SkillTimer.h">
      <Filter>Game\Component</Filter>
    </ClInclude>
    <ClInclude Include="Collision.h">
      <Filter>Game\Component</Filter>
    </ClInclude>
    <ClInclude Include="Enums.h">
      <Filter>Game\Headers</Filter>
    </ClInclude>
    <ClInclude Include="LogUtils.h">
      <Filter>Game\Utils</Filter>
    </ClInclude>
    <ClInclude Include="CollisionManager.h">
      <Filter>Game\Manager</Filter>
    </ClInclude>
    <ClInclude Include="ResourceBase.h">
      <Filter>Game\Resources</Filter>
    </ClInclude>
    <ClInclude Include="Map.h">
      <Filter>Game\Resources</Filter>
    </ClInclude>
    <ClInclude Include="Skill.h">
      <Filter>Game\Resources</Filter>
    </ClInclude>
    <ClInclude Include="Defines.h">
      <Filter>Game\Headers</Filter>
    </ClInclude>
    <ClInclude Include="ResourceManager.h">
      <Filter>Game\Manager</Filter>
    </ClInclude>
    <ClInclude Include="Collider.h">
      <Filter>Game\Resources</Filter>
    </ClInclude>
    <ClInclude Include="Boss.h">
      <Filter>Game\GameObject\Monster</Filter>
    </ClInclude>
    <ClInclude Include="Raid.h">
      <Filter>Game\Room</Filter>
    </ClInclude>
    <ClInclude Include="Field.h">
      <Filter>Game\Room</Filter>
    </ClInclude>
    <ClInclude Include="Structure.h">
      <Filter>Game\GameObject\Structure</Filter>
    </ClInclude>
    <ClInclude Include="Npc.h">
      <Filter>Game\GameObject</Filter>
    </ClInclude>
    <ClInclude Include="QuadTree.h">
      <Filter>Game\Utils</Filter>
    </ClInclude>
  </ItemGroup>
  <ItemGroup>
    <ClCompile Include="GameServer.cpp">
      <Filter>Game</Filter>
    </ClCompile>
    <ClCompile Include="GameSession.cpp">
      <Filter>Game</Filter>
    </ClCompile>
    <ClCompile Include="ServerPacketHandler.cpp">
      <Filter>Game</Filter>
    </ClCompile>
    <ClCompile Include="Protocol.pb.cc">
      <Filter>Protocol</Filter>
    </ClCompile>
    <ClCompile Include="Struct.pb.cc">
      <Filter>Protocol</Filter>
    </ClCompile>
    <ClCompile Include="Enum.pb.cc">
      <Filter>Protocol</Filter>
    </ClCompile>
    <ClCompile Include="Room.cpp">
      <Filter>Game\Room</Filter>
    </ClCompile>
    <ClCompile Include="GameObject.cpp">
      <Filter>Game\GameObject</Filter>
    </ClCompile>
    <ClCompile Include="Player.cpp">
      <Filter>Game\GameObject</Filter>
    </ClCompile>
    <ClCompile Include="Utils.cpp">
      <Filter>Game\Utils</Filter>
    </ClCompile>
    <ClCompile Include="ObjectUtils.cpp">
      <Filter>Game\Utils</Filter>
    </ClCompile>
    <ClCompile Include="GameSessionManager.cpp">
      <Filter>Game\Manager</Filter>
    </ClCompile>
    <ClCompile Include="GameRoomManager.cpp">
      <Filter>Game\Manager</Filter>
    </ClCompile>
    <ClCompile Include="pch.cpp">
      <Filter>Game\Headers</Filter>
    </ClCompile>
    <ClCompile Include="GameTickManager.cpp">
      <Filter>Game\Manager</Filter>
    </ClCompile>
    <ClCompile Include="Enemy.cpp">
      <Filter>Game\GameObject\Monster</Filter>
    </ClCompile>
    <ClCompile Include="SkillActor.cpp">
      <Filter>Game\GameObject\SkillActor</Filter>
    </ClCompile>
    <ClCompile Include="ComponentBase.cpp">
      <Filter>Game\Component</Filter>
    </ClCompile>
    <ClCompile Include="SkillTimer.cpp">
      <Filter>Game\Component</Filter>
    </ClCompile>
    <ClCompile Include="Collision.cpp">
      <Filter>Game\Component</Filter>
    </ClCompile>
    <ClCompile Include="LogUtils.cpp">
      <Filter>Game\Utils</Filter>
    </ClCompile>
    <ClCompile Include="CollisionManager.cpp">
      <Filter>Game\Manager</Filter>
    </ClCompile>
    <ClCompile Include="ResourceBase.cpp">
      <Filter>Game\Resources</Filter>
    </ClCompile>
    <ClCompile Include="Map.cpp">
      <Filter>Game\Resources</Filter>
    </ClCompile>
    <ClCompile Include="Skill.cpp">
      <Filter>Game\Resources</Filter>
    </ClCompile>
    <ClCompile Include="ResourceManager.cpp">
      <Filter>Game\Manager</Filter>
    </ClCompile>
    <ClCompile Include="Collider.cpp">
      <Filter>Game\Resources</Filter>
    </ClCompile>
    <ClCompile Include="Boss.cpp">
      <Filter>Game\GameObject\Monster</Filter>
    </ClCompile>
    <ClCompile Include="Raid.cpp">
      <Filter>Game\Room</Filter>
    </ClCompile>
    <ClCompile Include="Field.cpp">
      <Filter>Game\Room</Filter>
    </ClCompile>
    <ClCompile Include="Structure.cpp">
      <Filter>Game\GameObject\Structure</Filter>
    </ClCompile>
    <ClCompile Include="Npc.cpp">
      <Filter>Game\GameObject</Filter>
    </ClCompile>
    <ClCompile Include="QuadTree.cpp">
      <Filter>Game\Utils</Filter>
    </ClCompile>
  </ItemGroup>
</Project>